
Microsoft Visual Studio Solution File, Format Version 12.00
# Visual Studio Version 17
VisualStudioVersion = 17.0.32002.185
MinimumVisualStudioVersion = 10.0.40219.1
Project("{9A19103F-16F7-4668-BE54-9A1E7A4F7556}") = "ScriptStash", "UI\ScriptStash.csproj", "{BFEEFFC0-01B4-4353-A308-A5D586C98331}"
EndProject
Global
	GlobalSection(SolutionConfigurationPlatforms) = preSolution
		Debug|Any CPU = Debug|Any CPU
		Release|Any CPU = Release|Any CPU
	EndGlobalSection
	GlobalSection(ProjectConfigurationPlatforms) = postSolution
		{BFEEFFC0-01B4-4353-A308-A5D586C98331}.Debug|Any CPU.ActiveCfg = Debug|Any CPU
		{BFEEFFC0-01B4-4353-A308-A5D586C98331}.Debug|Any CPU.Build.0 = Debug|Any CPU
		{BFEEFFC0-01B4-4353-A308-A5D586C98331}.Release|Any CPU.ActiveCfg = Release|Any CPU
		{BFEEFFC0-01B4-4353-A308-A5D586C98331}.Release|Any CPU.Build.0 = Release|Any CPU
	EndGlobalSection
	GlobalSection(SolutionProperties) = preSolution
		HideSolutionNode = FALSE
	EndGlobalSection
	GlobalSection(ExtensibilityGlobals) = postSolution
		SolutionGuid = {9F1956D0-0764-466F-BD31-FCAF8DA0D3EF}
	EndGlobalSection
EndGlobal
